
Microsoft Visual Studio Solution File, Format Version 12.00
# Visual Studio 15
VisualStudioVersion = 15.0.26124.0
MinimumVisualStudioVersion = 15.0.26124.0
Project("{FAE04EC0-301F-11D3-BF4B-00C04F79EFBC}") = "api", "api\api.csproj", "{2724DB97-4F72-477E-8AFD-0BDBA172D3A3}"
EndProject
Project("{FAE04EC0-301F-11D3-BF4B-00C04F79EFBC}") = "application", "application\application.csproj", "{E7476369-AF45-42D4-A035-D999A3D13B3D}"
EndProject
Project("{FAE04EC0-301F-11D3-BF4B-00C04F79EFBC}") = "domain", "domain\domain.csproj", "{FA74525B-DA5D-4792-8A0E-D4989DE93AE4}"
EndProject
Project("{FAE04EC0-301F-11D3-BF4B-00C04F79EFBC}") = "infrastructure", "infrastructure\infrastructure.csproj", "{45B88CF8-4DD6-4805-8D73-41CE836EA2B4}"
EndProject
Project("{2150E333-8FDC-42A3-9474-1A3956D46DE8}") = "server", "server", "{931BC3D0-387B-44FC-A8DE-1F567AC794CA}"
EndProject
Project("{2150E333-8FDC-42A3-9474-1A3956D46DE8}") = "src", "src", "{37E642EB-3FB1-46E7-8347-D89F7BEDBFB3}"
EndProject
Project("{2150E333-8FDC-42A3-9474-1A3956D46DE8}") = "tests", "tests", "{ECF0F631-6AA3-4A02-B99D-B86C292A611A}"
EndProject
Project("{FAE04EC0-301F-11D3-BF4B-00C04F79EFBC}") = "application.tests", "application.tests\application.tests.csproj", "{98A60083-F2F6-4F0C-A7B6-A7B55E74BCAE}"
EndProject
Project("{FAE04EC0-301F-11D3-BF4B-00C04F79EFBC}") = "infrastructure.tests", "infrastructure.tests\infrastructure.tests.csproj", "{A3E697E0-ED6F-491F-87C9-9539403DA723}"
EndProject
Project("{FAE04EC0-301F-11D3-BF4B-00C04F79EFBC}") = "domain.tests", "domain.tests\domain.tests.csproj", "{5356F21F-B4DD-47F7-AF18-F0A907A8ABB3}"
EndProject
Global
	GlobalSection(SolutionConfigurationPlatforms) = preSolution
		Debug|Any CPU = Debug|Any CPU
		Debug|x64 = Debug|x64
		Debug|x86 = Debug|x86
		Release|Any CPU = Release|Any CPU
		Release|x64 = Release|x64
		Release|x86 = Release|x86
	EndGlobalSection
	GlobalSection(SolutionProperties) = preSolution
		HideSolutionNode = FALSE
	EndGlobalSection
	GlobalSection(ProjectConfigurationPlatforms) = postSolution
		{2724DB97-4F72-477E-8AFD-0BDBA172D3A3}.Debug|Any CPU.ActiveCfg = Debug|Any CPU
		{2724DB97-4F72-477E-8AFD-0BDBA172D3A3}.Debug|Any CPU.Build.0 = Debug|Any CPU
		{2724DB97-4F72-477E-8AFD-0BDBA172D3A3}.Debug|x64.ActiveCfg = Debug|Any CPU
		{2724DB97-4F72-477E-8AFD-0BDBA172D3A3}.Debug|x64.Build.0 = Debug|Any CPU
		{2724DB97-4F72-477E-8AFD-0BDBA172D3A3}.Debug|x86.ActiveCfg = Debug|Any CPU
		{2724DB97-4F72-477E-8AFD-0BDBA172D3A3}.Debug|x86.Build.0 = Debug|Any CPU
		{2724DB97-4F72-477E-8AFD-0BDBA172D3A3}.Release|Any CPU.ActiveCfg = Release|Any CPU
		{2724DB97-4F72-477E-8AFD-0BDBA172D3A3}.Release|Any CPU.Build.0 = Release|Any CPU
		{2724DB97-4F72-477E-8AFD-0BDBA172D3A3}.Release|x64.ActiveCfg = Release|Any CPU
		{2724DB97-4F72-477E-8AFD-0BDBA172D3A3}.Release|x64.Build.0 = Release|Any CPU
		{2724DB97-4F72-477E-8AFD-0BDBA172D3A3}.Release|x86.ActiveCfg = Release|Any CPU
		{2724DB97-4F72-477E-8AFD-0BDBA172D3A3}.Release|x86.Build.0 = Release|Any CPU
		{E7476369-AF45-42D4-A035-D999A3D13B3D}.Debug|Any CPU.ActiveCfg = Debug|Any CPU
		{E7476369-AF45-42D4-A035-D999A3D13B3D}.Debug|Any CPU.Build.0 = Debug|Any CPU
		{E7476369-AF45-42D4-A035-D999A3D13B3D}.Debug|x64.ActiveCfg = Debug|Any CPU
		{E7476369-AF45-42D4-A035-D999A3D13B3D}.Debug|x64.Build.0 = Debug|Any CPU
		{E7476369-AF45-42D4-A035-D999A3D13B3D}.Debug|x86.ActiveCfg = Debug|Any CPU
		{E7476369-AF45-42D4-A035-D999A3D13B3D}.Debug|x86.Build.0 = Debug|Any CPU
		{E7476369-AF45-42D4-A035-D999A3D13B3D}.Release|Any CPU.ActiveCfg = Release|Any CPU
		{E7476369-AF45-42D4-A035-D999A3D13B3D}.Release|Any CPU.Build.0 = Release|Any CPU
		{E7476369-AF45-42D4-A035-D999A3D13B3D}.Release|x64.ActiveCfg = Release|Any CPU
		{E7476369-AF45-42D4-A035-D999A3D13B3D}.Release|x64.Build.0 = Release|Any CPU
		{E7476369-AF45-42D4-A035-D999A3D13B3D}.Release|x86.ActiveCfg = Release|Any CPU
		{E7476369-AF45-42D4-A035-D999A3D13B3D}.Release|x86.Build.0 = Release|Any CPU
		{FA74525B-DA5D-4792-8A0E-D4989DE93AE4}.Debug|Any CPU.ActiveCfg = Debug|Any CPU
		{FA74525B-DA5D-4792-8A0E-D4989DE93AE4}.Debug|Any CPU.Build.0 = Debug|Any CPU
		{FA74525B-DA5D-4792-8A0E-D4989DE93AE4}.Debug|x64.ActiveCfg = Debug|Any CPU
		{FA74525B-DA5D-4792-8A0E-D4989DE93AE4}.Debug|x64.Build.0 = Debug|Any CPU
		{FA74525B-DA5D-4792-8A0E-D4989DE93AE4}.Debug|x86.ActiveCfg = Debug|Any CPU
		{FA74525B-DA5D-4792-8A0E-D4989DE93AE4}.Debug|x86.Build.0 = Debug|Any CPU
		{FA74525B-DA5D-4792-8A0E-D4989DE93AE4}.Release|Any CPU.ActiveCfg = Release|Any CPU
		{FA74525B-DA5D-4792-8A0E-D4989DE93AE4}.Release|Any CPU.Build.0 = Release|Any CPU
		{FA74525B-DA5D-4792-8A0E-D4989DE93AE4}.Release|x64.ActiveCfg = Release|Any CPU
		{FA74525B-DA5D-4792-8A0E-D4989DE93AE4}.Release|x64.Build.0 = Release|Any CPU
		{FA74525B-DA5D-4792-8A0E-D4989DE93AE4}.Release|x86.ActiveCfg = Release|Any CPU
		{FA74525B-DA5D-4792-8A0E-D4989DE93AE4}.Release|x86.Build.0 = Release|Any CPU
		{45B88CF8-4DD6-4805-8D73-41CE836EA2B4}.Debug|Any CPU.ActiveCfg = Debug|Any CPU
		{45B88CF8-4DD6-4805-8D73-41CE836EA2B4}.Debug|Any CPU.Build.0 = Debug|Any CPU
		{45B88CF8-4DD6-4805-8D73-41CE836EA2B4}.Debug|x64.ActiveCfg = Debug|Any CPU
		{45B88CF8-4DD6-4805-8D73-41CE836EA2B4}.Debug|x64.Build.0 = Debug|Any CPU
		{45B88CF8-4DD6-4805-8D73-41CE836EA2B4}.Debug|x86.ActiveCfg = Debug|Any CPU
		{45B88CF8-4DD6-4805-8D73-41CE836EA2B4}.Debug|x86.Build.0 = Debug|Any CPU
		{45B88CF8-4DD6-4805-8D73-41CE836EA2B4}.Release|Any CPU.ActiveCfg = Release|Any CPU
		{45B88CF8-4DD6-4805-8D73-41CE836EA2B4}.Release|Any CPU.Build.0 = Release|Any CPU
		{45B88CF8-4DD6-4805-8D73-41CE836EA2B4}.Release|x64.ActiveCfg = Release|Any CPU
		{45B88CF8-4DD6-4805-8D73-41CE836EA2B4}.Release|x64.Build.0 = Release|Any CPU
		{45B88CF8-4DD6-4805-8D73-41CE836EA2B4}.Release|x86.ActiveCfg = Release|Any CPU
		{45B88CF8-4DD6-4805-8D73-41CE836EA2B4}.Release|x86.Build.0 = Release|Any CPU
		{98A60083-F2F6-4F0C-A7B6-A7B55E74BCAE}.Debug|Any CPU.ActiveCfg = Debug|Any CPU
		{98A60083-F2F6-4F0C-A7B6-A7B55E74BCAE}.Debug|Any CPU.Build.0 = Debug|Any CPU
		{98A60083-F2F6-4F0C-A7B6-A7B55E74BCAE}.Debug|x64.ActiveCfg = Debug|Any CPU
		{98A60083-F2F6-4F0C-A7B6-A7B55E74BCAE}.Debug|x64.Build.0 = Debug|Any CPU
		{98A60083-F2F6-4F0C-A7B6-A7B55E74BCAE}.Debug|x86.ActiveCfg = Debug|Any CPU
		{98A60083-F2F6-4F0C-A7B6-A7B55E74BCAE}.Debug|x86.Build.0 = Debug|Any CPU
		{98A60083-F2F6-4F0C-A7B6-A7B55E74BCAE}.Release|Any CPU.ActiveCfg = Release|Any CPU
		{98A60083-F2F6-4F0C-A7B6-A7B55E74BCAE}.Release|Any CPU.Build.0 = Release|Any CPU
		{98A60083-F2F6-4F0C-A7B6-A7B55E74BCAE}.Release|x64.ActiveCfg = Release|Any CPU
		{98A60083-F2F6-4F0C-A7B6-A7B55E74BCAE}.Release|x64.Build.0 = Release|Any CPU
		{98A60083-F2F6-4F0C-A7B6-A7B55E74BCAE}.Release|x86.ActiveCfg = Release|Any CPU
		{98A60083-F2F6-4F0C-A7B6-A7B55E74BCAE}.Release|x86.Build.0 = Release|Any CPU
		{A3E697E0-ED6F-491F-87C9-9539403DA723}.Debug|Any CPU.ActiveCfg = Debug|Any CPU
		{A3E697E0-ED6F-491F-87C9-9539403DA723}.Debug|Any CPU.Build.0 = Debug|Any CPU
		{A3E697E0-ED6F-491F-87C9-9539403DA723}.Debug|x64.ActiveCfg = Debug|Any CPU
		{A3E697E0-ED6F-491F-87C9-9539403DA723}.Debug|x64.Build.0 = Debug|Any CPU
		{A3E697E0-ED6F-491F-87C9-9539403DA723}.Debug|x86.ActiveCfg = Debug|Any CPU
		{A3E697E0-ED6F-491F-87C9-9539403DA723}.Debug|x86.Build.0 = Debug|Any CPU
		{A3E697E0-ED6F-491F-87C9-9539403DA723}.Release|Any CPU.ActiveCfg = Release|Any CPU
		{A3E697E0-ED6F-491F-87C9-9539403DA723}.Release|Any CPU.Build.0 = Release|Any CPU
		{A3E697E0-ED6F-491F-87C9-9539403DA723}.Release|x64.ActiveCfg = Release|Any CPU
		{A3E697E0-ED6F-491F-87C9-9539403DA723}.Release|x64.Build.0 = Release|Any CPU
		{A3E697E0-ED6F-491F-87C9-9539403DA723}.Release|x86.ActiveCfg = Release|Any CPU
		{A3E697E0-ED6F-491F-87C9-9539403DA723}.Release|x86.Build.0 = Release|Any CPU
		{5356F21F-B4DD-47F7-AF18-F0A907A8ABB3}.Debug|Any CPU.ActiveCfg = Debug|Any CPU
		{5356F21F-B4DD-47F7-AF18-F0A907A8ABB3}.Debug|Any CPU.Build.0 = Debug|Any CPU
		{5356F21F-B4DD-47F7-AF18-F0A907A8ABB3}.Debug|x64.ActiveCfg = Debug|Any CPU
		{5356F21F-B4DD-47F7-AF18-F0A907A8ABB3}.Debug|x64.Build.0 = Debug|Any CPU
		{5356F21F-B4DD-47F7-AF18-F0A907A8ABB3}.Debug|x86.ActiveCfg = Debug|Any CPU
		{5356F21F-B4DD-47F7-AF18-F0A907A8ABB3}.Debug|x86.Build.0 = Debug|Any CPU
		{5356F21F-B4DD-47F7-AF18-F0A907A8ABB3}.Release|Any CPU.ActiveCfg = Release|Any CPU
		{5356F21F-B4DD-47F7-AF18-F0A907A8ABB3}.Release|Any CPU.Build.0 = Release|Any CPU
		{5356F21F-B4DD-47F7-AF18-F0A907A8ABB3}.Release|x64.ActiveCfg = Release|Any CPU
		{5356F21F-B4DD-47F7-AF18-F0A907A8ABB3}.Release|x64.Build.0 = Release|Any CPU
		{5356F21F-B4DD-47F7-AF18-F0A907A8ABB3}.Release|x86.ActiveCfg = Release|Any CPU
		{5356F21F-B4DD-47F7-AF18-F0A907A8ABB3}.Release|x86.Build.0 = Release|Any CPU
	EndGlobalSection
	GlobalSection(NestedProjects) = preSolution
		{37E642EB-3FB1-46E7-8347-D89F7BEDBFB3} = {931BC3D0-387B-44FC-A8DE-1F567AC794CA}
		{2724DB97-4F72-477E-8AFD-0BDBA172D3A3} = {37E642EB-3FB1-46E7-8347-D89F7BEDBFB3}
		{E7476369-AF45-42D4-A035-D999A3D13B3D} = {37E642EB-3FB1-46E7-8347-D89F7BEDBFB3}
		{FA74525B-DA5D-4792-8A0E-D4989DE93AE4} = {37E642EB-3FB1-46E7-8347-D89F7BEDBFB3}
		{45B88CF8-4DD6-4805-8D73-41CE836EA2B4} = {37E642EB-3FB1-46E7-8347-D89F7BEDBFB3}
		{ECF0F631-6AA3-4A02-B99D-B86C292A611A} = {931BC3D0-387B-44FC-A8DE-1F567AC794CA}
		{98A60083-F2F6-4F0C-A7B6-A7B55E74BCAE} = {ECF0F631-6AA3-4A02-B99D-B86C292A611A}
		{A3E697E0-ED6F-491F-87C9-9539403DA723} = {ECF0F631-6AA3-4A02-B99D-B86C292A611A}
		{5356F21F-B4DD-47F7-AF18-F0A907A8ABB3} = {ECF0F631-6AA3-4A02-B99D-B86C292A611A}
	EndGlobalSection
EndGlobal
